
Microsoft Visual Studio Solution File, Format Version 12.00
# Visual Studio 15
VisualStudioVersion = 15.0.26430.12
MinimumVisualStudioVersion = 10.0.40219.1
Project("{D954291E-2A0B-460D-934E-DC6B0785DB48}") = "TranslatorTextDemo", "TranslatorTextDemo\TranslatorTextDemo\TranslatorTextDemo.shproj", "{4E17C63D-39B3-4320-8AB5-215E0F5E395C}"
EndProject
Project("{FAE04EC0-301F-11D3-BF4B-00C04F79EFBC}") = "TranslatorTextDemo.Android", "TranslatorTextDemo\TranslatorTextDemo.Android\TranslatorTextDemo.Android.csproj", "{B3CBC9E5-E7BD-4318-9CF6-A2F3E72E8885}"
EndProject
Project("{FAE04EC0-301F-11D3-BF4B-00C04F79EFBC}") = "TranslatorTextDemo.iOS", "TranslatorTextDemo\TranslatorTextDemo.iOS\TranslatorTextDemo.iOS.csproj", "{94A544EF-1DC4-4EF4-B0F5-28CF0E82154B}"
EndProject
Project("{FAE04EC0-301F-11D3-BF4B-00C04F79EFBC}") = "TranslatorTextDemo.UWP", "TranslatorTextDemo\TranslatorTextDemo.UWP\TranslatorTextDemo.UWP.csproj", "{EB21A289-A0D7-4626-9B9D-374CB3518E7F}"
EndProject
Global
	GlobalSection(SharedMSBuildProjectFiles) = preSolution
		TranslatorTextDemo\TranslatorTextDemo\TranslatorTextDemo.projitems*{4e17c63d-39b3-4320-8ab5-215e0f5e395c}*SharedItemsImports = 13
		TranslatorTextDemo\TranslatorTextDemo\TranslatorTextDemo.projitems*{94a544ef-1dc4-4ef4-b0f5-28cf0e82154b}*SharedItemsImports = 4
		TranslatorTextDemo\TranslatorTextDemo\TranslatorTextDemo.projitems*{b3cbc9e5-e7bd-4318-9cf6-a2f3e72e8885}*SharedItemsImports = 4
		TranslatorTextDemo\TranslatorTextDemo\TranslatorTextDemo.projitems*{eb21a289-a0d7-4626-9b9d-374cb3518e7f}*SharedItemsImports = 4
	EndGlobalSection
	GlobalSection(SolutionConfigurationPlatforms) = preSolution
		Ad-Hoc|Any CPU = Ad-Hoc|Any CPU
		Ad-Hoc|ARM = Ad-Hoc|ARM
		Ad-Hoc|iPhone = Ad-Hoc|iPhone
		Ad-Hoc|iPhoneSimulator = Ad-Hoc|iPhoneSimulator
		Ad-Hoc|x64 = Ad-Hoc|x64
		Ad-Hoc|x86 = Ad-Hoc|x86
		AppStore|Any CPU = AppStore|Any CPU
		AppStore|ARM = AppStore|ARM
		AppStore|iPhone = AppStore|iPhone
		AppStore|iPhoneSimulator = AppStore|iPhoneSimulator
		AppStore|x64 = AppStore|x64
		AppStore|x86 = AppStore|x86
		Debug|Any CPU = Debug|Any CPU
		Debug|ARM = Debug|ARM
		Debug|iPhone = Debug|iPhone
		Debug|iPhoneSimulator = Debug|iPhoneSimulator
		Debug|x64 = Debug|x64
		Debug|x86 = Debug|x86
		Release|Any CPU = Release|Any CPU
		Release|ARM = Release|ARM
		Release|iPhone = Release|iPhone
		Release|iPhoneSimulator = Release|iPhoneSimulator
		Release|x64 = Release|x64
		Release|x86 = Release|x86
	EndGlobalSection
	GlobalSection(ProjectConfigurationPlatforms) = postSolution
		{B3CBC9E5-E7BD-4318-9CF6-A2F3E72E8885}.Ad-Hoc|Any CPU.ActiveCfg = Release|Any CPU
		{B3CBC9E5-E7BD-4318-9CF6-A2F3E72E8885}.Ad-Hoc|Any CPU.Build.0 = Release|Any CPU
		{B3CBC9E5-E7BD-4318-9CF6-A2F3E72E8885}.Ad-Hoc|Any CPU.Deploy.0 = Release|Any CPU
		{B3CBC9E5-E7BD-4318-9CF6-A2F3E72E8885}.Ad-Hoc|ARM.ActiveCfg = Release|Any CPU
		{B3CBC9E5-E7BD-4318-9CF6-A2F3E72E8885}.Ad-Hoc|ARM.Build.0 = Release|Any CPU
		{B3CBC9E5-E7BD-4318-9CF6-A2F3E72E8885}.Ad-Hoc|ARM.Deploy.0 = Release|Any CPU
		{B3CBC9E5-E7BD-4318-9CF6-A2F3E72E8885}.Ad-Hoc|iPhone.ActiveCfg = Release|Any CPU
		{B3CBC9E5-E7BD-4318-9CF6-A2F3E72E8885}.Ad-Hoc|iPhone.Build.0 = Release|Any CPU
		{B3CBC9E5-E7BD-4318-9CF6-A2F3E72E8885}.Ad-Hoc|iPhone.Deploy.0 = Release|Any CPU
		{B3CBC9E5-E7BD-4318-9CF6-A2F3E72E8885}.Ad-Hoc|iPhoneSimulator.ActiveCfg = Release|Any CPU
		{B3CBC9E5-E7BD-4318-9CF6-A2F3E72E8885}.Ad-Hoc|iPhoneSimulator.Build.0 = Release|Any CPU
		{B3CBC9E5-E7BD-4318-9CF6-A2F3E72E8885}.Ad-Hoc|iPhoneSimulator.Deploy.0 = Release|Any CPU
		{B3CBC9E5-E7BD-4318-9CF6-A2F3E72E8885}.Ad-Hoc|x64.ActiveCfg = Release|Any CPU
		{B3CBC9E5-E7BD-4318-9CF6-A2F3E72E8885}.Ad-Hoc|x64.Build.0 = Release|Any CPU
		{B3CBC9E5-E7BD-4318-9CF6-A2F3E72E8885}.Ad-Hoc|x64.Deploy.0 = Release|Any CPU
		{B3CBC9E5-E7BD-4318-9CF6-A2F3E72E8885}.Ad-Hoc|x86.ActiveCfg = Release|Any CPU
		{B3CBC9E5-E7BD-4318-9CF6-A2F3E72E8885}.Ad-Hoc|x86.Build.0 = Release|Any CPU
		{B3CBC9E5-E7BD-4318-9CF6-A2F3E72E8885}.Ad-Hoc|x86.Deploy.0 = Release|Any CPU
		{B3CBC9E5-E7BD-4318-9CF6-A2F3E72E8885}.AppStore|Any CPU.ActiveCfg = Release|Any CPU
		{B3CBC9E5-E7BD-4318-9CF6-A2F3E72E8885}.AppStore|Any CPU.Build.0 = Release|Any CPU
		{B3CBC9E5-E7BD-4318-9CF6-A2F3E72E8885}.AppStore|Any CPU.Deploy.0 = Release|Any CPU
		{B3CBC9E5-E7BD-4318-9CF6-A2F3E72E8885}.AppStore|ARM.ActiveCfg = Release|Any CPU
		{B3CBC9E5-E7BD-4318-9CF6-A2F3E72E8885}.AppStore|ARM.Build.0 = Release|Any CPU
		{B3CBC9E5-E7BD-4318-9CF6-A2F3E72E8885}.AppStore|ARM.Deploy.0 = Release|Any CPU
		{B3CBC9E5-E7BD-4318-9CF6-A2F3E72E8885}.AppStore|iPhone.ActiveCfg = Release|Any CPU
		{B3CBC9E5-E7BD-4318-9CF6-A2F3E72E8885}.AppStore|iPhone.Build.0 = Release|Any CPU
		{B3CBC9E5-E7BD-4318-9CF6-A2F3E72E8885}.AppStore|iPhone.Deploy.0 = Release|Any CPU
		{B3CBC9E5-E7BD-4318-9CF6-A2F3E72E8885}.AppStore|iPhoneSimulator.ActiveCfg = Release|Any CPU
		{B3CBC9E5-E7BD-4318-9CF6-A2F3E72E8885}.AppStore|iPhoneSimulator.Build.0 = Release|Any CPU
		{B3CBC9E5-E7BD-4318-9CF6-A2F3E72E8885}.AppStore|iPhoneSimulator.Deploy.0 = Release|Any CPU
		{B3CBC9E5-E7BD-4318-9CF6-A2F3E72E8885}.AppStore|x64.ActiveCfg = Release|Any CPU
		{B3CBC9E5-E7BD-4318-9CF6-A2F3E72E8885}.AppStore|x64.Build.0 = Release|Any CPU
		{B3CBC9E5-E7BD-4318-9CF6-A2F3E72E8885}.AppStore|x64.Deploy.0 = Release|Any CPU
		{B3CBC9E5-E7BD-4318-9CF6-A2F3E72E8885}.AppStore|x86.ActiveCfg = Release|Any CPU
		{B3CBC9E5-E7BD-4318-9CF6-A2F3E72E8885}.AppStore|x86.Build.0 = Release|Any CPU
		{B3CBC9E5-E7BD-4318-9CF6-A2F3E72E8885}.AppStore|x86.Deploy.0 = Release|Any CPU
		{B3CBC9E5-E7BD-4318-9CF6-A2F3E72E8885}.Debug|Any CPU.ActiveCfg = Debug|Any CPU
		{B3CBC9E5-E7BD-4318-9CF6-A2F3E72E8885}.Debug|Any CPU.Build.0 = Debug|Any CPU
		{B3CBC9E5-E7BD-4318-9CF6-A2F3E72E8885}.Debug|Any CPU.Deploy.0 = Debug|Any CPU
		{B3CBC9E5-E7BD-4318-9CF6-A2F3E72E8885}.Debug|ARM.ActiveCfg = Debug|Any CPU
		{B3CBC9E5-E7BD-4318-9CF6-A2F3E72E8885}.Debug|ARM.Build.0 = Debug|Any CPU
		{B3CBC9E5-E7BD-4318-9CF6-A2F3E72E8885}.Debug|ARM.Deploy.0 = Debug|Any CPU
		{B3CBC9E5-E7BD-4318-9CF6-A2F3E72E8885}.Debug|iPhone.ActiveCfg = Debug|Any CPU
		{B3CBC9E5-E7BD-4318-9CF6-A2F3E72E8885}.Debug|iPhone.Build.0 = Debug|Any CPU
		{B3CBC9E5-E7BD-4318-9CF6-A2F3E72E8885}.Debug|iPhone.Deploy.0 = Debug|Any CPU
		{B3CBC9E5-E7BD-4318-9CF6-A2F3E72E8885}.Debug|iPhoneSimulator.ActiveCfg = Debug|Any CPU
		{B3CBC9E5-E7BD-4318-9CF6-A2F3E72E8885}.Debug|iPhoneSimulator.Build.0 = Debug|Any CPU
		{B3CBC9E5-E7BD-4318-9CF6-A2F3E72E8885}.Debug|iPhoneSimulator.Deploy.0 = Debug|Any CPU
		{B3CBC9E5-E7BD-4318-9CF6-A2F3E72E8885}.Debug|x64.ActiveCfg = Debug|Any CPU
		{B3CBC9E5-E7BD-4318-9CF6-A2F3E72E8885}.Debug|x64.Build.0 = Debug|Any CPU
		{B3CBC9E5-E7BD-4318-9CF6-A2F3E72E8885}.Debug|x64.Deploy.0 = Debug|Any CPU
		{B3CBC9E5-E7BD-4318-9CF6-A2F3E72E8885}.Debug|x86.ActiveCfg = Debug|Any CPU
		{B3CBC9E5-E7BD-4318-9CF6-A2F3E72E8885}.Debug|x86.Build.0 = Debug|Any CPU
		{B3CBC9E5-E7BD-4318-9CF6-A2F3E72E8885}.Debug|x86.Deploy.0 = Debug|Any CPU
		{B3CBC9E5-E7BD-4318-9CF6-A2F3E72E8885}.Release|Any CPU.ActiveCfg = Release|Any CPU
		{B3CBC9E5-E7BD-4318-9CF6-A2F3E72E8885}.Release|Any CPU.Build.0 = Release|Any CPU
		{B3CBC9E5-E7BD-4318-9CF6-A2F3E72E8885}.Release|Any CPU.Deploy.0 = Release|Any CPU
		{B3CBC9E5-E7BD-4318-9CF6-A2F3E72E8885}.Release|ARM.ActiveCfg = Release|Any CPU
		{B3CBC9E5-E7BD-4318-9CF6-A2F3E72E8885}.Release|ARM.Build.0 = Release|Any CPU
		{B3CBC9E5-E7BD-4318-9CF6-A2F3E72E8885}.Release|ARM.Deploy.0 = Release|Any CPU
		{B3CBC9E5-E7BD-4318-9CF6-A2F3E72E8885}.Release|iPhone.ActiveCfg = Release|Any CPU
		{B3CBC9E5-E7BD-4318-9CF6-A2F3E72E8885}.Release|iPhone.Build.0 = Release|Any CPU
		{B3CBC9E5-E7BD-4318-9CF6-A2F3E72E8885}.Release|iPhone.Deploy.0 = Release|Any CPU
		{B3CBC9E5-E7BD-4318-9CF6-A2F3E72E8885}.Release|iPhoneSimulator.ActiveCfg = Release|Any CPU
		{B3CBC9E5-E7BD-4318-9CF6-A2F3E72E8885}.Release|iPhoneSimulator.Build.0 = Release|Any CPU
		{B3CBC9E5-E7BD-4318-9CF6-A2F3E72E8885}.Release|iPhoneSimulator.Deploy.0 = Release|Any CPU
		{B3CBC9E5-E7BD-4318-9CF6-A2F3E72E8885}.Release|x64.ActiveCfg = Release|Any CPU
		{B3CBC9E5-E7BD-4318-9CF6-A2F3E72E8885}.Release|x64.Build.0 = Release|Any CPU
		{B3CBC9E5-E7BD-4318-9CF6-A2F3E72E8885}.Release|x64.Deploy.0 = Release|Any CPU
		{B3CBC9E5-E7BD-4318-9CF6-A2F3E72E8885}.Release|x86.ActiveCfg = Release|Any CPU
		{B3CBC9E5-E7BD-4318-9CF6-A2F3E72E8885}.Release|x86.Build.0 = Release|Any CPU
		{B3CBC9E5-E7BD-4318-9CF6-A2F3E72E8885}.Release|x86.Deploy.0 = Release|Any CPU
		{94A544EF-1DC4-4EF4-B0F5-28CF0E82154B}.Ad-Hoc|Any CPU.ActiveCfg = Ad-Hoc|iPhone
		{94A544EF-1DC4-4EF4-B0F5-28CF0E82154B}.Ad-Hoc|ARM.ActiveCfg = Ad-Hoc|iPhone
		{94A544EF-1DC4-4EF4-B0F5-28CF0E82154B}.Ad-Hoc|iPhone.ActiveCfg = Ad-Hoc|iPhone
		{94A544EF-1DC4-4EF4-B0F5-28CF0E82154B}.Ad-Hoc|iPhone.Build.0 = Ad-Hoc|iPhone
		{94A544EF-1DC4-4EF4-B0F5-28CF0E82154B}.Ad-Hoc|iPhoneSimulator.ActiveCfg = Ad-Hoc|iPhoneSimulator
		{94A544EF-1DC4-4EF4-B0F5-28CF0E82154B}.Ad-Hoc|iPhoneSimulator.Build.0 = Ad-Hoc|iPhoneSimulator
		{94A544EF-1DC4-4EF4-B0F5-28CF0E82154B}.Ad-Hoc|x64.ActiveCfg = Ad-Hoc|iPhone
		{94A544EF-1DC4-4EF4-B0F5-28CF0E82154B}.Ad-Hoc|x86.ActiveCfg = Ad-Hoc|iPhone
		{94A544EF-1DC4-4EF4-B0F5-28CF0E82154B}.AppStore|Any CPU.ActiveCfg = AppStore|iPhone
		{94A544EF-1DC4-4EF4-B0F5-28CF0E82154B}.AppStore|ARM.ActiveCfg = AppStore|iPhone
		{94A544EF-1DC4-4EF4-B0F5-28CF0E82154B}.AppStore|iPhone.ActiveCfg = AppStore|iPhone
		{94A544EF-1DC4-4EF4-B0F5-28CF0E82154B}.AppStore|iPhone.Build.0 = AppStore|iPhone
		{94A544EF-1DC4-4EF4-B0F5-28CF0E82154B}.AppStore|iPhoneSimulator.ActiveCfg = AppStore|iPhoneSimulator
		{94A544EF-1DC4-4EF4-B0F5-28CF0E82154B}.AppStore|iPhoneSimulator.Build.0 = AppStore|iPhoneSimulator
		{94A544EF-1DC4-4EF4-B0F5-28CF0E82154B}.AppStore|x64.ActiveCfg = AppStore|iPhone
		{94A544EF-1DC4-4EF4-B0F5-28CF0E82154B}.AppStore|x86.ActiveCfg = AppStore|iPhone
		{94A544EF-1DC4-4EF4-B0F5-28CF0E82154B}.Debug|Any CPU.ActiveCfg = Debug|iPhone
		{94A544EF-1DC4-4EF4-B0F5-28CF0E82154B}.Debug|ARM.ActiveCfg = Debug|iPhone
		{94A544EF-1DC4-4EF4-B0F5-28CF0E82154B}.Debug|iPhone.ActiveCfg = Debug|iPhone
		{94A544EF-1DC4-4EF4-B0F5-28CF0E82154B}.Debug|iPhone.Build.0 = Debug|iPhone
		{94A544EF-1DC4-4EF4-B0F5-28CF0E82154B}.Debug|iPhoneSimulator.ActiveCfg = Debug|iPhoneSimulator
		{94A544EF-1DC4-4EF4-B0F5-28CF0E82154B}.Debug|iPhoneSimulator.Build.0 = Debug|iPhoneSimulator
		{94A544EF-1DC4-4EF4-B0F5-28CF0E82154B}.Debug|x64.ActiveCfg = Debug|iPhone
		{94A544EF-1DC4-4EF4-B0F5-28CF0E82154B}.Debug|x86.ActiveCfg = Debug|iPhone
		{94A544EF-1DC4-4EF4-B0F5-28CF0E82154B}.Release|Any CPU.ActiveCfg = Release|iPhone
		{94A544EF-1DC4-4EF4-B0F5-28CF0E82154B}.Release|ARM.ActiveCfg = Release|iPhone
		{94A544EF-1DC4-4EF4-B0F5-28CF0E82154B}.Release|iPhone.ActiveCfg = Release|iPhone
		{94A544EF-1DC4-4EF4-B0F5-28CF0E82154B}.Release|iPhone.Build.0 = Release|iPhone
		{94A544EF-1DC4-4EF4-B0F5-28CF0E82154B}.Release|iPhoneSimulator.ActiveCfg = Release|iPhoneSimulator
		{94A544EF-1DC4-4EF4-B0F5-28CF0E82154B}.Release|iPhoneSimulator.Build.0 = Release|iPhoneSimulator
		{94A544EF-1DC4-4EF4-B0F5-28CF0E82154B}.Release|x64.ActiveCfg = Release|iPhone
		{94A544EF-1DC4-4EF4-B0F5-28CF0E82154B}.Release|x86.ActiveCfg = Release|iPhone
		{EB21A289-A0D7-4626-9B9D-374CB3518E7F}.Ad-Hoc|Any CPU.ActiveCfg = Release|x86
		{EB21A289-A0D7-4626-9B9D-374CB3518E7F}.Ad-Hoc|Any CPU.Build.0 = Release|x86
		{EB21A289-A0D7-4626-9B9D-374CB3518E7F}.Ad-Hoc|Any CPU.Deploy.0 = Release|x86
		{EB21A289-A0D7-4626-9B9D-374CB3518E7F}.Ad-Hoc|ARM.ActiveCfg = Release|ARM
		{EB21A289-A0D7-4626-9B9D-374CB3518E7F}.Ad-Hoc|ARM.Build.0 = Release|ARM
		{EB21A289-A0D7-4626-9B9D-374CB3518E7F}.Ad-Hoc|ARM.Deploy.0 = Release|ARM
		{EB21A289-A0D7-4626-9B9D-374CB3518E7F}.Ad-Hoc|iPhone.ActiveCfg = Release|x86
		{EB21A289-A0D7-4626-9B9D-374CB3518E7F}.Ad-Hoc|iPhone.Build.0 = Release|x86
		{EB21A289-A0D7-4626-9B9D-374CB3518E7F}.Ad-Hoc|iPhone.Deploy.0 = Release|x86
		{EB21A289-A0D7-4626-9B9D-374CB3518E7F}.Ad-Hoc|iPhoneSimulator.ActiveCfg = Release|x86
		{EB21A289-A0D7-4626-9B9D-374CB3518E7F}.Ad-Hoc|iPhoneSimulator.Build.0 = Release|x86
		{EB21A289-A0D7-4626-9B9D-374CB3518E7F}.Ad-Hoc|iPhoneSimulator.Deploy.0 = Release|x86
		{EB21A289-A0D7-4626-9B9D-374CB3518E7F}.Ad-Hoc|x64.ActiveCfg = Release|x64
		{EB21A289-A0D7-4626-9B9D-374CB3518E7F}.Ad-Hoc|x64.Build.0 = Release|x64
		{EB21A289-A0D7-4626-9B9D-374CB3518E7F}.Ad-Hoc|x64.Deploy.0 = Release|x64
		{EB21A289-A0D7-4626-9B9D-374CB3518E7F}.Ad-Hoc|x86.ActiveCfg = Release|x86
		{EB21A289-A0D7-4626-9B9D-374CB3518E7F}.Ad-Hoc|x86.Build.0 = Release|x86
		{EB21A289-A0D7-4626-9B9D-374CB3518E7F}.Ad-Hoc|x86.Deploy.0 = Release|x86
		{EB21A289-A0D7-4626-9B9D-374CB3518E7F}.AppStore|Any CPU.ActiveCfg = Release|x86
		{EB21A289-A0D7-4626-9B9D-374CB3518E7F}.AppStore|Any CPU.Build.0 = Release|x86
		{EB21A289-A0D7-4626-9B9D-374CB3518E7F}.AppStore|Any CPU.Deploy.0 = Release|x86
		{EB21A289-A0D7-4626-9B9D-374CB3518E7F}.AppStore|ARM.ActiveCfg = Release|ARM
		{EB21A289-A0D7-4626-9B9D-374CB3518E7F}.AppStore|ARM.Build.0 = Release|ARM
		{EB21A289-A0D7-4626-9B9D-374CB3518E7F}.AppStore|ARM.Deploy.0 = Release|ARM
		{EB21A289-A0D7-4626-9B9D-374CB3518E7F}.AppStore|iPhone.ActiveCfg = Release|x86
		{EB21A289-A0D7-4626-9B9D-374CB3518E7F}.AppStore|iPhone.Build.0 = Release|x86
		{EB21A289-A0D7-4626-9B9D-374CB3518E7F}.AppStore|iPhone.Deploy.0 = Release|x86
		{EB21A289-A0D7-4626-9B9D-374CB3518E7F}.AppStore|iPhoneSimulator.ActiveCfg = Release|x86
		{EB21A289-A0D7-4626-9B9D-374CB3518E7F}.AppStore|iPhoneSimulator.Build.0 = Release|x86
		{EB21A289-A0D7-4626-9B9D-374CB3518E7F}.AppStore|iPhoneSimulator.Deploy.0 = Release|x86
		{EB21A289-A0D7-4626-9B9D-374CB3518E7F}.AppStore|x64.ActiveCfg = Release|x64
		{EB21A289-A0D7-4626-9B9D-374CB3518E7F}.AppStore|x64.Build.0 = Release|x64
		{EB21A289-A0D7-4626-9B9D-374CB3518E7F}.AppStore|x64.Deploy.0 = Release|x64
		{EB21A289-A0D7-4626-9B9D-374CB3518E7F}.AppStore|x86.ActiveCfg = Release|x86
		{EB21A289-A0D7-4626-9B9D-374CB3518E7F}.AppStore|x86.Build.0 = Release|x86
		{EB21A289-A0D7-4626-9B9D-374CB3518E7F}.AppStore|x86.Deploy.0 = Release|x86
		{EB21A289-A0D7-4626-9B9D-374CB3518E7F}.Debug|Any CPU.ActiveCfg = Debug|x86
		{EB21A289-A0D7-4626-9B9D-374CB3518E7F}.Debug|ARM.ActiveCfg = Debug|ARM
		{EB21A289-A0D7-4626-9B9D-374CB3518E7F}.Debug|ARM.Build.0 = Debug|ARM
		{EB21A289-A0D7-4626-9B9D-374CB3518E7F}.Debug|ARM.Deploy.0 = Debug|ARM
		{EB21A289-A0D7-4626-9B9D-374CB3518E7F}.Debug|iPhone.ActiveCfg = Debug|x86
		{EB21A289-A0D7-4626-9B9D-374CB3518E7F}.Debug|iPhoneSimulator.ActiveCfg = Debug|x86
		{EB21A289-A0D7-4626-9B9D-374CB3518E7F}.Debug|x64.ActiveCfg = Debug|x64
		{EB21A289-A0D7-4626-9B9D-374CB3518E7F}.Debug|x64.Build.0 = Debug|x64
		{EB21A289-A0D7-4626-9B9D-374CB3518E7F}.Debug|x64.Deploy.0 = Debug|x64
		{EB21A289-A0D7-4626-9B9D-374CB3518E7F}.Debug|x86.ActiveCfg = Debug|x86
		{EB21A289-A0D7-4626-9B9D-374CB3518E7F}.Debug|x86.Build.0 = Debug|x86
		{EB21A289-A0D7-4626-9B9D-374CB3518E7F}.Debug|x86.Deploy.0 = Debug|x86
		{EB21A289-A0D7-4626-9B9D-374CB3518E7F}.Release|Any CPU.ActiveCfg = Release|x86
		{EB21A289-A0D7-4626-9B9D-374CB3518E7F}.Release|ARM.ActiveCfg = Release|ARM
		{EB21A289-A0D7-4626-9B9D-374CB3518E7F}.Release|ARM.Build.0 = Release|ARM
		{EB21A289-A0D7-4626-9B9D-374CB3518E7F}.Release|ARM.Deploy.0 = Release|ARM
		{EB21A289-A0D7-4626-9B9D-374CB3518E7F}.Release|iPhone.ActiveCfg = Release|x86
		{EB21A289-A0D7-4626-9B9D-374CB3518E7F}.Release|iPhoneSimulator.ActiveCfg = Release|x86
		{EB21A289-A0D7-4626-9B9D-374CB3518E7F}.Release|x64.ActiveCfg = Release|x64
		{EB21A289-A0D7-4626-9B9D-374CB3518E7F}.Release|x64.Build.0 = Release|x64
		{EB21A289-A0D7-4626-9B9D-374CB3518E7F}.Release|x64.Deploy.0 = Release|x64
		{EB21A289-A0D7-4626-9B9D-374CB3518E7F}.Release|x86.ActiveCfg = Release|x86
		{EB21A289-A0D7-4626-9B9D-374CB3518E7F}.Release|x86.Build.0 = Release|x86
		{EB21A289-A0D7-4626-9B9D-374CB3518E7F}.Release|x86.Deploy.0 = Release|x86
	EndGlobalSection
	GlobalSection(SolutionProperties) = preSolution
		HideSolutionNode = FALSE
	EndGlobalSection
EndGlobal
